{
  "name": "@yield-sync/v1-sdk",
  "version": "0.0.37",
  "lockfileVersion": 2,
  "requires": true,
  "packages": {
    "": {
      "name": "@yield-sync/v1-sdk",
      "version": "0.0.37",
      "license": "ISC",
      "dependencies": {
        "@openzeppelin/contracts": "4.9.1",
        "@openzeppelin/contracts-upgradeable": "4.9.1"
      }
    },
    "node_modules/@openzeppelin/contracts": {
      "version": "4.9.1",
      "resolved": "https://registry.npmjs.org/@openzeppelin/contracts/-/contracts-4.9.1.tgz",
      "integrity": "sha512-aLDTLu/If1qYIFW5g4ZibuQaUsFGWQPBq1mZKp/txaebUnGHDmmiBhRLY1tDNedN0m+fJtKZ1zAODS9Yk+V6uA=="
    },
    "node_modules/@openzeppelin/contracts-upgradeable": {
      "version": "4.9.1",
      "resolved": "https://registry.npmjs.org/@openzeppelin/contracts-upgradeable/-/contracts-upgradeable-4.9.1.tgz",
      "integrity": "sha512-UZf5/VdaBA/0kxF7/gg+2UrC8k+fbgiUM0Qw1apAhwpBWBxULbsHw0ZRMgT53nd6N8hr53XFjhcWNeTRGIiCVw=="
    }
  },
  "dependencies": {
    "@openzeppelin/contracts": {
      "version": "4.9.1",
      "resolved": "https://registry.npmjs.org/@openzeppelin/contracts/-/contracts-4.9.1.tgz",
      "integrity": "sha512-aLDTLu/If1qYIFW5g4ZibuQaUsFGWQPBq1mZKp/txaebUnGHDmmiBhRLY1tDNedN0m+fJtKZ1zAODS9Yk+V6uA=="
    },
    "@openzeppelin/contracts-upgradeable": {
      "version": "4.9.1",
      "resolved": "https://registry.npmjs.org/@openzeppelin/contracts-upgradeable/-/contracts-upgradeable-4.9.1.tgz",
      "integrity": "sha512-UZf5/VdaBA/0kxF7/gg+2UrC8k+fbgiUM0Qw1apAhwpBWBxULbsHw0ZRMgT53nd6N8hr53XFjhcWNeTRGIiCVw=="
    }
  }
}
